
Microsoft Visual Studio Solution File, Format Version 12.00
# Visual Studio Version 17
VisualStudioVersion = 17.3.32922.545
MinimumVisualStudioVersion = 10.0.40219.1
Project("{FAE04EC0-301F-11D3-BF4B-00C04F79EFBC}") = "ServiceBusPublisher", "ServiceBusPublisher\ServiceBusPublisher.csproj", "{B2B8D303-2D8E-45F8-A687-E8ADEED43329}"
EndProject
Project("{FAE04EC0-301F-11D3-BF4B-00C04F79EFBC}") = "ServiceBusReceiver", "ServiceBusReceiver\ServiceBusReceiver.csproj", "{EC5CBFD9-FEBE-45D9-982E-4AD5ADCD5A8D}"
EndProject
Project("{FAE04EC0-301F-11D3-BF4B-00C04F79EFBC}") = "Common", "Common\Common.csproj", "{47E1ED17-DF01-42AE-BC64-9C6067F5A9C5}"
EndProject
Global
	GlobalSection(SolutionConfigurationPlatforms) = preSolution
		Debug|Any CPU = Debug|Any CPU
		Release|Any CPU = Release|Any CPU
	EndGlobalSection
	GlobalSection(ProjectConfigurationPlatforms) = postSolution
		{B2B8D303-2D8E-45F8-A687-E8ADEED43329}.Debug|Any CPU.ActiveCfg = Debug|Any CPU
		{B2B8D303-2D8E-45F8-A687-E8ADEED43329}.Debug|Any CPU.Build.0 = Debug|Any CPU
		{B2B8D303-2D8E-45F8-A687-E8ADEED43329}.Release|Any CPU.ActiveCfg = Release|Any CPU
		{B2B8D303-2D8E-45F8-A687-E8ADEED43329}.Release|Any CPU.Build.0 = Release|Any CPU
		{EC5CBFD9-FEBE-45D9-982E-4AD5ADCD5A8D}.Debug|Any CPU.ActiveCfg = Debug|Any CPU
		{EC5CBFD9-FEBE-45D9-982E-4AD5ADCD5A8D}.Debug|Any CPU.Build.0 = Debug|Any CPU
		{EC5CBFD9-FEBE-45D9-982E-4AD5ADCD5A8D}.Release|Any CPU.ActiveCfg = Release|Any CPU
		{EC5CBFD9-FEBE-45D9-982E-4AD5ADCD5A8D}.Release|Any CPU.Build.0 = Release|Any CPU
		{47E1ED17-DF01-42AE-BC64-9C6067F5A9C5}.Debug|Any CPU.ActiveCfg = Debug|Any CPU
		{47E1ED17-DF01-42AE-BC64-9C6067F5A9C5}.Debug|Any CPU.Build.0 = Debug|Any CPU
		{47E1ED17-DF01-42AE-BC64-9C6067F5A9C5}.Release|Any CPU.ActiveCfg = Release|Any CPU
		{47E1ED17-DF01-42AE-BC64-9C6067F5A9C5}.Release|Any CPU.Build.0 = Release|Any CPU
	EndGlobalSection
	GlobalSection(SolutionProperties) = preSolution
		HideSolutionNode = FALSE
	EndGlobalSection
	GlobalSection(ExtensibilityGlobals) = postSolution
		SolutionGuid = {748A8647-1DB0-433C-B9ED-A998B6255DB2}
	EndGlobalSection
EndGlobal
